<?xml version="1.0" encoding="utf-8"?>
<Project ToolsVersion="4.0" xmlns="http://schemas.microsoft.com/developer/msbuild/2003">
  <ItemGroup>
    <Filter Include="ソース ファイル">
      <UniqueIdentifier>{4FC737F1-C7A5-4376-A066-2A32D752A2FF}</UniqueIdentifier>
      <Extensions>cpp;c;cc;cxx;c++;cppm;ixx;def;odl;idl;hpj;bat;asm;asmx</Extensions>
    </Filter>
    <Filter Include="ヘッダー ファイル">
      <UniqueIdentifier>{93995380-89BD-4b04-88EB-625FBE52EBFB}</UniqueIdentifier>
      <Extensions>h;hh;hpp;hxx;h++;hm;inl;inc;ipp;xsd</Extensions>
    </Filter>
    <Filter Include="リソース ファイル">
      <UniqueIdentifier>{67DA6AB6-F800-4c08-8B7A-83BB121AAD01}</UniqueIdentifier>
      <Extensions>rc;ico;cur;bmp;dlg;rc2;rct;bin;rgs;gif;jpg;jpeg;jpe;resx;tiff;tif;png;wav;mfcribbon-ms</Extensions>
    </Filter>
    <Filter Include="ソース ファイル\Base">
      <UniqueIdentifier>{135dbecd-f58b-4b6e-8d44-61cad6a0dc97}</UniqueIdentifier>
    </Filter>
    <Filter Include="ヘッダー ファイル\Base">
      <UniqueIdentifier>{404898b0-4aaf-4219-90f2-5ef5f4805a59}</UniqueIdentifier>
    </Filter>
    <Filter Include="ソース ファイル\Components">
      <UniqueIdentifier>{ecb58b52-993f-4d03-b5f3-028955772228}</UniqueIdentifier>
    </Filter>
    <Filter Include="ソース ファイル\GameObjects">
      <UniqueIdentifier>{72515066-3c09-44e8-b225-37d9107baa9c}</UniqueIdentifier>
    </Filter>
    <Filter Include="ソース ファイル\Scenes">
      <UniqueIdentifier>{07619cf8-9b3c-44bf-8667-f2f2baadfe92}</UniqueIdentifier>
    </Filter>
    <Filter Include="ヘッダー ファイル\Components">
      <UniqueIdentifier>{35551d43-c5a6-4b71-b9ba-27237dc6ce7c}</UniqueIdentifier>
    </Filter>
    <Filter Include="ヘッダー ファイル\GameObjects">
      <UniqueIdentifier>{ee09def2-3234-4717-8531-0b8175f39220}</UniqueIdentifier>
    </Filter>
    <Filter Include="ヘッダー ファイル\Scenes">
      <UniqueIdentifier>{dd0ea1b0-32cd-4909-9cf3-5451e1fb4dd4}</UniqueIdentifier>
    </Filter>
    <Filter Include="ソース ファイル\Generators">
      <UniqueIdentifier>{58abd9bd-e90b-426a-9f95-6430378fe425}</UniqueIdentifier>
    </Filter>
    <Filter Include="ソース ファイル\Controllers">
      <UniqueIdentifier>{b8de8532-3148-4826-ad90-530f25a98007}</UniqueIdentifier>
    </Filter>
    <Filter Include="ヘッダー ファイル\Generators">
      <UniqueIdentifier>{d45bac19-2c0c-4614-9470-f74dad994e32}</UniqueIdentifier>
    </Filter>
    <Filter Include="ヘッダー ファイル\Controllers">
      <UniqueIdentifier>{fbf75d02-01b4-4201-8546-cd964e06081a}</UniqueIdentifier>
    </Filter>
    <Filter Include="ソース ファイル\Managers">
      <UniqueIdentifier>{17486c28-b8ff-43ea-984c-5796dc2bf678}</UniqueIdentifier>
    </Filter>
    <Filter Include="ヘッダー ファイル\Managers">
      <UniqueIdentifier>{10f037db-eb20-4864-a07b-4d81a62b3856}</UniqueIdentifier>
    </Filter>
  </ItemGroup>
  <ItemGroup>
    <ClCompile Include="sound.cpp">
      <Filter>ソース ファイル\Base</Filter>
    </ClCompile>
    <ClCompile Include="input.cpp">
      <Filter>ソース ファイル\Base</Filter>
    </ClCompile>
    <ClCompile Include="main.cpp">
      <Filter>ソース ファイル\Base</Filter>
    </ClCompile>
    <ClCompile Include="scene.cpp">
      <Filter>ソース ファイル\Base</Filter>
    </ClCompile>
    <ClCompile Include="fade.cpp">
      <Filter>ソース ファイル\Components</Filter>
    </ClCompile>
    <ClCompile Include="Game.cpp">
      <Filter>ソース ファイル\Scenes</Filter>
    </ClCompile>
    <ClCompile Include="baseObject.cpp">
      <Filter>ソース ファイル\Components</Filter>
    </ClCompile>
    <ClCompile Include="Player.cpp">
      <Filter>ソース ファイル\GameObjects</Filter>
    </ClCompile>
    <ClCompile Include="util.cpp">
      <Filter>ソース ファイル\Components</Filter>
    </ClCompile>
    <ClCompile Include="Enemy.cpp">
      <Filter>ソース ファイル\GameObjects</Filter>
    </ClCompile>
    <ClCompile Include="bulletController.cpp">
      <Filter>ソース ファイル\Controllers</Filter>
    </ClCompile>
    <ClCompile Include="playerController.cpp">
      <Filter>ソース ファイル\Controllers</Filter>
    </ClCompile>
    <ClCompile Include="bulletGenerator.cpp">
      <Filter>ソース ファイル\Generators</Filter>
    </ClCompile>
    <ClCompile Include="bulletManager.cpp">
      <Filter>ソース ファイル\Managers</Filter>
    </ClCompile>
    <ClCompile Include="enemyGenerator.cpp">
      <Filter>ソース ファイル\Generators</Filter>
    </ClCompile>
    <ClCompile Include="WeightFollow.cpp">
      <Filter>ソース ファイル\GameObjects</Filter>
    </ClCompile>
    <ClCompile Include="Camera.cpp">
      <Filter>ソース ファイル\Base</Filter>
    </ClCompile>
    <ClCompile Include="Title.cpp">
      <Filter>ソース ファイル\Scenes</Filter>
    </ClCompile>
    <ClCompile Include="Result.cpp">
      <Filter>ソース ファイル\Scenes</Filter>
    </ClCompile>
    <ClCompile Include="DebugProc.cpp">
      <Filter>ソース ファイル\Base</Filter>
    </ClCompile>
    <ClCompile Include="Item.cpp">
      <Filter>ソース ファイル\GameObjects</Filter>
    </ClCompile>
    <ClCompile Include="itemGenerator.cpp">
      <Filter>ソース ファイル\Generators</Filter>
    </ClCompile>
    <ClCompile Include="Background.cpp">
      <Filter>ソース ファイル\GameObjects</Filter>
    </ClCompile>
    <ClCompile Include="LevelGenerator.cpp">
      <Filter>ソース ファイル\Generators</Filter>
    </ClCompile>
    <ClCompile Include="particle.cpp">
      <Filter>ソース ファイル\GameObjects</Filter>
    </ClCompile>
    <ClCompile Include="effect.cpp">
      <Filter>ソース ファイル\GameObjects</Filter>
    </ClCompile>
  </ItemGroup>
  <ItemGroup>
    <ClInclude Include="sound.h">
      <Filter>ヘッダー ファイル\Base</Filter>
    </ClInclude>
    <ClInclude Include="input.h">
      <Filter>ヘッダー ファイル\Base</Filter>
    </ClInclude>
    <ClInclude Include="main.h">
      <Filter>ヘッダー ファイル\Base</Filter>
    </ClInclude>
    <ClInclude Include="scene.h">
      <Filter>ヘッダー ファイル\Base</Filter>
    </ClInclude>
    <ClInclude Include="fade.h">
      <Filter>ヘッダー ファイル\Components</Filter>
    </ClInclude>
    <ClInclude Include="Game.h">
      <Filter>ヘッダー ファイル\Scenes</Filter>
    </ClInclude>
    <ClInclude Include="baseObject.h">
      <Filter>ヘッダー ファイル\Components</Filter>
    </ClInclude>
    <ClInclude Include="Player.h">
      <Filter>ヘッダー ファイル\GameObjects</Filter>
    </ClInclude>
    <ClInclude Include="util.h">
      <Filter>ヘッダー ファイル\Components</Filter>
    </ClInclude>
    <ClInclude Include="Enemy.h">
      <Filter>ヘッダー ファイル\GameObjects</Filter>
    </ClInclude>
    <ClInclude Include="bulletController.h">
      <Filter>ヘッダー ファイル\Controllers</Filter>
    </ClInclude>
    <ClInclude Include="playerController.h">
      <Filter>ヘッダー ファイル\Controllers</Filter>
    </ClInclude>
    <ClInclude Include="bulletGenerator.h">
      <Filter>ヘッダー ファイル\Generators</Filter>
    </ClInclude>
    <ClInclude Include="bulletManager.h">
      <Filter>ヘッダー ファイル\Managers</Filter>
    </ClInclude>
    <ClInclude Include="enemyGenerator.h">
      <Filter>ヘッダー ファイル\Generators</Filter>
    </ClInclude>
    <ClInclude Include="WeightFollow.h">
      <Filter>ヘッダー ファイル\GameObjects</Filter>
    </ClInclude>
    <ClCompile Include="Camera.cpp">
      <Filter>ソース ファイル\Base</Filter>
    </ClCompile>
    <ClInclude Include="Title.h">
      <Filter>ヘッダー ファイル\Scenes</Filter>
    </ClInclude>
    <ClInclude Include="Result.h">
      <Filter>ヘッダー ファイル\Scenes</Filter>
    </ClInclude>
    <ClInclude Include="DebugProc.h">
      <Filter>ヘッダー ファイル\Base</Filter>
    </ClInclude>
    <ClInclude Include="Item.h">
      <Filter>ヘッダー ファイル\GameObjects</Filter>
    </ClInclude>
    <ClInclude Include="Camera.h">
      <Filter>ヘッダー ファイル</Filter>
    </ClInclude>
    <ClInclude Include="itemGenerator.h">
      <Filter>ヘッダー ファイル\Generators</Filter>
    </ClInclude>
    <ClInclude Include="Background.h">
      <Filter>ヘッダー ファイル\GameObjects</Filter>
    </ClInclude>
    <ClInclude Include="LevelGenerator.h">
      <Filter>ヘッダー ファイル\Generators</Filter>
    </ClInclude>
    <ClInclude Include="particle.h">
      <Filter>ヘッダー ファイル\GameObjects</Filter>
    </ClInclude>
    <ClInclude Include="effect.h">
      <Filter>ヘッダー ファイル\GameObjects</Filter>
    </ClInclude>
  </ItemGroup>
</Project>